// !$*UTF8*$!
{
	archiveVersion = 1;
	classes = {
	};
	objectVersion = 56;
	objects = {

/* Begin PBXBuildFile section */
		0A2436FC2A678D6B00A1F442 /* Alamofire.xcframework in Frameworks */ = {isa = PBXBuildFile; fileRef = 0A2436FA2A678D6A00A1F442 /* Alamofire.xcframework */; };
		0A2436FD2A678D6B00A1F442 /* Alamofire.xcframework in Embed Frameworks */ = {isa = PBXBuildFile; fileRef = 0A2436FA2A678D6A00A1F442 /* Alamofire.xcframework */; settings = {ATTRIBUTES = (CodeSignOnCopy, RemoveHeadersOnCopy, ); }; };
		0A2436FE2A678D6B00A1F442 /* SwiftyJSON.xcframework in Frameworks */ = {isa = PBXBuildFile; fileRef = 0A2436FB2A678D6A00A1F442 /* SwiftyJSON.xcframework */; };
		0A2436FF2A678D6B00A1F442 /* SwiftyJSON.xcframework in Embed Frameworks */ = {isa = PBXBuildFile; fileRef = 0A2436FB2A678D6A00A1F442 /* SwiftyJSON.xcframework */; settings = {ATTRIBUTES = (CodeSignOnCopy, RemoveHeadersOnCopy, ); }; };
		0A7410BD2A6E1A08008260EE /* VTAsyncImage.swift in Sources */ = {isa = PBXBuildFile; fileRef = 0A7410BC2A6E1A08008260EE /* VTAsyncImage.swift */; };
		0A7410BF2A6E1A18008260EE /* VTImageLoader.swift in Sources */ = {isa = PBXBuildFile; fileRef = 0A7410BE2A6E1A18008260EE /* VTImageLoader.swift */; };
		0A7410C12A6E1A71008260EE /* EnvironmentValues+ImageCache.swift in Sources */ = {isa = PBXBuildFile; fileRef = 0A7410C02A6E1A71008260EE /* EnvironmentValues+ImageCache.swift */; };
		0A7410C32A6E1AED008260EE /* VTImageCache.swift in Sources */ = {isa = PBXBuildFile; fileRef = 0A7410C22A6E1AED008260EE /* VTImageCache.swift */; };
		0A7410C52A6E20BA008260EE /* VTAPIError.swift in Sources */ = {isa = PBXBuildFile; fileRef = 0A7410C42A6E20BA008260EE /* VTAPIError.swift */; };
		0A7410C72A6E48CF008260EE /* VTMovieDetail.swift in Sources */ = {isa = PBXBuildFile; fileRef = 0A7410C62A6E48CF008260EE /* VTMovieDetail.swift */; };
		0A7410CE2A6E528C008260EE /* VTAPI.swift in Sources */ = {isa = PBXBuildFile; fileRef = 0A7410CD2A6E528C008260EE /* VTAPI.swift */; };
		0A7410D02A6E52A7008260EE /* VTRouter.swift in Sources */ = {isa = PBXBuildFile; fileRef = 0A7410CF2A6E52A7008260EE /* VTRouter.swift */; };
		0A7410D22A6E5363008260EE /* VTReachability.swift in Sources */ = {isa = PBXBuildFile; fileRef = 0A7410D12A6E5363008260EE /* VTReachability.swift */; };
		0A7410D42A6E5418008260EE /* VTNetworkHelper.swift in Sources */ = {isa = PBXBuildFile; fileRef = 0A7410D32A6E5418008260EE /* VTNetworkHelper.swift */; };
		0A7410D62A6E5538008260EE /* VTNetworkLogger.swift in Sources */ = {isa = PBXBuildFile; fileRef = 0A7410D52A6E5538008260EE /* VTNetworkLogger.swift */; };
		0A7410D82A6E5581008260EE /* VTURLSession.swift in Sources */ = {isa = PBXBuildFile; fileRef = 0A7410D72A6E5581008260EE /* VTURLSession.swift */; };
		0A7410DA2A6E55FB008260EE /* VTRequestInterceptor.swift in Sources */ = {isa = PBXBuildFile; fileRef = 0A7410D92A6E55FB008260EE /* VTRequestInterceptor.swift */; };
		0A7410DD2A6E564A008260EE /* VTCookieHandler.swift in Sources */ = {isa = PBXBuildFile; fileRef = 0A7410DC2A6E564A008260EE /* VTCookieHandler.swift */; };
		0A7410DF2A6E57B1008260EE /* VTResponse.swift in Sources */ = {isa = PBXBuildFile; fileRef = 0A7410DE2A6E57B1008260EE /* VTResponse.swift */; };
		0A7410E12A6E59B0008260EE /* VTResponseProtocol.swift in Sources */ = {isa = PBXBuildFile; fileRef = 0A7410E02A6E59B0008260EE /* VTResponseProtocol.swift */; };
		0A7410E32A6E5A2C008260EE /* VTResponseCode.swift in Sources */ = {isa = PBXBuildFile; fileRef = 0A7410E22A6E5A2C008260EE /* VTResponseCode.swift */; };
		0A7410E52A6E5BAD008260EE /* VTAPIDataCache.swift in Sources */ = {isa = PBXBuildFile; fileRef = 0A7410E42A6E5BAD008260EE /* VTAPIDataCache.swift */; };
		0AA8CF422A677F9A00A2F6F1 /* VaultApp.swift in Sources */ = {isa = PBXBuildFile; fileRef = 0AA8CF412A677F9A00A2F6F1 /* VaultApp.swift */; };
		0AA8CF442A677F9A00A2F6F1 /* ContentView.swift in Sources */ = {isa = PBXBuildFile; fileRef = 0AA8CF432A677F9A00A2F6F1 /* ContentView.swift */; };
		0AA8CF462A677F9E00A2F6F1 /* Assets.xcassets in Resources */ = {isa = PBXBuildFile; fileRef = 0AA8CF452A677F9E00A2F6F1 /* Assets.xcassets */; };
		0AA8CF492A677F9E00A2F6F1 /* Preview Assets.xcassets in Resources */ = {isa = PBXBuildFile; fileRef = 0AA8CF482A677F9E00A2F6F1 /* Preview Assets.xcassets */; };
		0AA8CF532A677F9E00A2F6F1 /* VaultTests.swift in Sources */ = {isa = PBXBuildFile; fileRef = 0AA8CF522A677F9E00A2F6F1 /* VaultTests.swift */; };
		0AA8CF5D2A677F9E00A2F6F1 /* VaultUITests.swift in Sources */ = {isa = PBXBuildFile; fileRef = 0AA8CF5C2A677F9E00A2F6F1 /* VaultUITests.swift */; };
		0AA8CF5F2A677F9E00A2F6F1 /* VaultUITestsLaunchTests.swift in Sources */ = {isa = PBXBuildFile; fileRef = 0AA8CF5E2A677F9E00A2F6F1 /* VaultUITestsLaunchTests.swift */; };
		0AC856442A6932BB00C1A6B5 /* CombineExamples.swift in Sources */ = {isa = PBXBuildFile; fileRef = 0AC856432A6932BB00C1A6B5 /* CombineExamples.swift */; };
		0AC856462A6954D100C1A6B5 /* VTMovie.swift in Sources */ = {isa = PBXBuildFile; fileRef = 0AC856452A6954D100C1A6B5 /* VTMovie.swift */; };
		0AC856482A6A11D600C1A6B5 /* VTMovieRow.swift in Sources */ = {isa = PBXBuildFile; fileRef = 0AC856472A6A11D600C1A6B5 /* VTMovieRow.swift */; };
		0AC8564A2A6A123100C1A6B5 /* VTMovieIconImage.swift in Sources */ = {isa = PBXBuildFile; fileRef = 0AC856492A6A123100C1A6B5 /* VTMovieIconImage.swift */; };
		C92FE4302A6ACF7300E3843C /* VTTools.swift in Sources */ = {isa = PBXBuildFile; fileRef = C92FE42F2A6ACF7300E3843C /* VTTools.swift */; };
/* End PBXBuildFile section */

/* Begin PBXContainerItemProxy section */
		0AA8CF4F2A677F9E00A2F6F1 /* PBXContainerItemProxy */ = {
			isa = PBXContainerItemProxy;
			containerPortal = 0AA8CF362A677F9A00A2F6F1 /* Project object */;
			proxyType = 1;
			remoteGlobalIDString = 0AA8CF3D2A677F9A00A2F6F1;
			remoteInfo = Vault;
		};
		0AA8CF592A677F9E00A2F6F1 /* PBXContainerItemProxy */ = {
			isa = PBXContainerItemProxy;
			containerPortal = 0AA8CF362A677F9A00A2F6F1 /* Project object */;
			proxyType = 1;
			remoteGlobalIDString = 0AA8CF3D2A677F9A00A2F6F1;
			remoteInfo = Vault;
		};
/* End PBXContainerItemProxy section */

/* Begin PBXCopyFilesBuildPhase section */
		0A2437002A678D6B00A1F442 /* Embed Frameworks */ = {
			isa = PBXCopyFilesBuildPhase;
			buildActionMask = 2147483647;
			dstPath = "";
			dstSubfolderSpec = 10;
			files = (
				0A2436FD2A678D6B00A1F442 /* Alamofire.xcframework in Embed Frameworks */,
				0A2436FF2A678D6B00A1F442 /* SwiftyJSON.xcframework in Embed Frameworks */,
			);
			name = "Embed Frameworks";
			runOnlyForDeploymentPostprocessing = 0;
		};
/* End PBXCopyFilesBuildPhase section */

/* Begin PBXFileReference section */
		0A2436FA2A678D6A00A1F442 /* Alamofire.xcframework */ = {isa = PBXFileReference; lastKnownFileType = wrapper.xcframework; name = Alamofire.xcframework; path = Carthage/Build/Alamofire.xcframework; sourceTree = "<group>"; };
		0A2436FB2A678D6A00A1F442 /* SwiftyJSON.xcframework */ = {isa = PBXFileReference; lastKnownFileType = wrapper.xcframework; name = SwiftyJSON.xcframework; path = Carthage/Build/SwiftyJSON.xcframework; sourceTree = "<group>"; };
		0A7410BC2A6E1A08008260EE /* VTAsyncImage.swift */ = {isa = PBXFileReference; lastKnownFileType = sourcecode.swift; path = VTAsyncImage.swift; sourceTree = "<group>"; };
		0A7410BE2A6E1A18008260EE /* VTImageLoader.swift */ = {isa = PBXFileReference; lastKnownFileType = sourcecode.swift; path = VTImageLoader.swift; sourceTree = "<group>"; };
		0A7410C02A6E1A71008260EE /* EnvironmentValues+ImageCache.swift */ = {isa = PBXFileReference; lastKnownFileType = sourcecode.swift; path = "EnvironmentValues+ImageCache.swift"; sourceTree = "<group>"; };
		0A7410C22A6E1AED008260EE /* VTImageCache.swift */ = {isa = PBXFileReference; lastKnownFileType = sourcecode.swift; path = VTImageCache.swift; sourceTree = "<group>"; };
		0A7410C42A6E20BA008260EE /* VTAPIError.swift */ = {isa = PBXFileReference; lastKnownFileType = sourcecode.swift; path = VTAPIError.swift; sourceTree = "<group>"; };
		0A7410C62A6E48CF008260EE /* VTMovieDetail.swift */ = {isa = PBXFileReference; lastKnownFileType = sourcecode.swift; path = VTMovieDetail.swift; sourceTree = "<group>"; };
		0A7410CD2A6E528C008260EE /* VTAPI.swift */ = {isa = PBXFileReference; lastKnownFileType = sourcecode.swift; path = VTAPI.swift; sourceTree = "<group>"; };
		0A7410CF2A6E52A7008260EE /* VTRouter.swift */ = {isa = PBXFileReference; lastKnownFileType = sourcecode.swift; path = VTRouter.swift; sourceTree = "<group>"; };
		0A7410D12A6E5363008260EE /* VTReachability.swift */ = {isa = PBXFileReference; lastKnownFileType = sourcecode.swift; path = VTReachability.swift; sourceTree = "<group>"; };
		0A7410D32A6E5418008260EE /* VTNetworkHelper.swift */ = {isa = PBXFileReference; lastKnownFileType = sourcecode.swift; path = VTNetworkHelper.swift; sourceTree = "<group>"; };
		0A7410D52A6E5538008260EE /* VTNetworkLogger.swift */ = {isa = PBXFileReference; lastKnownFileType = sourcecode.swift; path = VTNetworkLogger.swift; sourceTree = "<group>"; };
		0A7410D72A6E5581008260EE /* VTURLSession.swift */ = {isa = PBXFileReference; lastKnownFileType = sourcecode.swift; path = VTURLSession.swift; sourceTree = "<group>"; };
		0A7410D92A6E55FB008260EE /* VTRequestInterceptor.swift */ = {isa = PBXFileReference; lastKnownFileType = sourcecode.swift; path = VTRequestInterceptor.swift; sourceTree = "<group>"; };
		0A7410DC2A6E564A008260EE /* VTCookieHandler.swift */ = {isa = PBXFileReference; lastKnownFileType = sourcecode.swift; path = VTCookieHandler.swift; sourceTree = "<group>"; };
		0A7410DE2A6E57B1008260EE /* VTResponse.swift */ = {isa = PBXFileReference; lastKnownFileType = sourcecode.swift; path = VTResponse.swift; sourceTree = "<group>"; };
		0A7410E02A6E59B0008260EE /* VTResponseProtocol.swift */ = {isa = PBXFileReference; lastKnownFileType = sourcecode.swift; path = VTResponseProtocol.swift; sourceTree = "<group>"; };
		0A7410E22A6E5A2C008260EE /* VTResponseCode.swift */ = {isa = PBXFileReference; lastKnownFileType = sourcecode.swift; path = VTResponseCode.swift; sourceTree = "<group>"; };
		0A7410E42A6E5BAD008260EE /* VTAPIDataCache.swift */ = {isa = PBXFileReference; lastKnownFileType = sourcecode.swift; path = VTAPIDataCache.swift; sourceTree = "<group>"; };
		0AA8CF3E2A677F9A00A2F6F1 /* Vault.app */ = {isa = PBXFileReference; explicitFileType = wrapper.application; includeInIndex = 0; path = Vault.app; sourceTree = BUILT_PRODUCTS_DIR; };
		0AA8CF412A677F9A00A2F6F1 /* VaultApp.swift */ = {isa = PBXFileReference; lastKnownFileType = sourcecode.swift; path = VaultApp.swift; sourceTree = "<group>"; };
		0AA8CF432A677F9A00A2F6F1 /* ContentView.swift */ = {isa = PBXFileReference; lastKnownFileType = sourcecode.swift; path = ContentView.swift; sourceTree = "<group>"; };
		0AA8CF452A677F9E00A2F6F1 /* Assets.xcassets */ = {isa = PBXFileReference; lastKnownFileType = folder.assetcatalog; path = Assets.xcassets; sourceTree = "<group>"; };
		0AA8CF482A677F9E00A2F6F1 /* Preview Assets.xcassets */ = {isa = PBXFileReference; lastKnownFileType = folder.assetcatalog; path = "Preview Assets.xcassets"; sourceTree = "<group>"; };
		0AA8CF4E2A677F9E00A2F6F1 /* VaultTests.xctest */ = {isa = PBXFileReference; explicitFileType = wrapper.cfbundle; includeInIndex = 0; path = VaultTests.xctest; sourceTree = BUILT_PRODUCTS_DIR; };
		0AA8CF522A677F9E00A2F6F1 /* VaultTests.swift */ = {isa = PBXFileReference; lastKnownFileType = sourcecode.swift; path = VaultTests.swift; sourceTree = "<group>"; };
		0AA8CF582A677F9E00A2F6F1 /* VaultUITests.xctest */ = {isa = PBXFileReference; explicitFileType = wrapper.cfbundle; includeInIndex = 0; path = VaultUITests.xctest; sourceTree = BUILT_PRODUCTS_DIR; };
		0AA8CF5C2A677F9E00A2F6F1 /* VaultUITests.swift */ = {isa = PBXFileReference; lastKnownFileType = sourcecode.swift; path = VaultUITests.swift; sourceTree = "<group>"; };
		0AA8CF5E2A677F9E00A2F6F1 /* VaultUITestsLaunchTests.swift */ = {isa = PBXFileReference; lastKnownFileType = sourcecode.swift; path = VaultUITestsLaunchTests.swift; sourceTree = "<group>"; };
		0AC856432A6932BB00C1A6B5 /* CombineExamples.swift */ = {isa = PBXFileReference; lastKnownFileType = sourcecode.swift; path = CombineExamples.swift; sourceTree = "<group>"; };
		0AC856452A6954D100C1A6B5 /* VTMovie.swift */ = {isa = PBXFileReference; lastKnownFileType = sourcecode.swift; path = VTMovie.swift; sourceTree = "<group>"; };
		0AC856472A6A11D600C1A6B5 /* VTMovieRow.swift */ = {isa = PBXFileReference; lastKnownFileType = sourcecode.swift; path = VTMovieRow.swift; sourceTree = "<group>"; };
		0AC856492A6A123100C1A6B5 /* VTMovieIconImage.swift */ = {isa = PBXFileReference; lastKnownFileType = sourcecode.swift; path = VTMovieIconImage.swift; sourceTree = "<group>"; };
		C92FE42F2A6ACF7300E3843C /* VTTools.swift */ = {isa = PBXFileReference; lastKnownFileType = sourcecode.swift; path = VTTools.swift; sourceTree = "<group>"; };
		C94EB6392A697399005D67C7 /* Info.plist */ = {isa = PBXFileReference; lastKnownFileType = text.plist.xml; path = Info.plist; sourceTree = "<group>"; };
/* End PBXFileReference section */

/* Begin PBXFrameworksBuildPhase section */
		0AA8CF3B2A677F9A00A2F6F1 /* Frameworks */ = {
			isa = PBXFrameworksBuildPhase;
			buildActionMask = 2147483647;
			files = (
				0A2436FC2A678D6B00A1F442 /* Alamofire.xcframework in Frameworks */,
				0A2436FE2A678D6B00A1F442 /* SwiftyJSON.xcframework in Frameworks */,
			);
			runOnlyForDeploymentPostprocessing = 0;
		};
		0AA8CF4B2A677F9E00A2F6F1 /* Frameworks */ = {
			isa = PBXFrameworksBuildPhase;
			buildActionMask = 2147483647;
			files = (
			);
			runOnlyForDeploymentPostprocessing = 0;
		};
		0AA8CF552A677F9E00A2F6F1 /* Frameworks */ = {
			isa = PBXFrameworksBuildPhase;
			buildActionMask = 2147483647;
			files = (
			);
			runOnlyForDeploymentPostprocessing = 0;
		};
/* End PBXFrameworksBuildPhase section */

/* Begin PBXGroup section */
		0A2436F92A678D6900A1F442 /* Frameworks */ = {
			isa = PBXGroup;
			children = (
				0A2436FA2A678D6A00A1F442 /* Alamofire.xcframework */,
				0A2436FB2A678D6A00A1F442 /* SwiftyJSON.xcframework */,
			);
			name = Frameworks;
			sourceTree = "<group>";
		};
		0A7410BB2A6E19EF008260EE /* ImageLoader */ = {
			isa = PBXGroup;
			children = (
				0A7410BC2A6E1A08008260EE /* VTAsyncImage.swift */,
				0A7410BE2A6E1A18008260EE /* VTImageLoader.swift */,
				0A7410C02A6E1A71008260EE /* EnvironmentValues+ImageCache.swift */,
				0A7410C22A6E1AED008260EE /* VTImageCache.swift */,
			);
			path = ImageLoader;
			sourceTree = "<group>";
		};
		0A7410CA2A6E50FD008260EE /* Network */ = {
			isa = PBXGroup;
			children = (
				0A7410CD2A6E528C008260EE /* VTAPI.swift */,
				0A7410CF2A6E52A7008260EE /* VTRouter.swift */,
				0A7410E42A6E5BAD008260EE /* VTAPIDataCache.swift */,
				0A7410E02A6E59B0008260EE /* VTResponseProtocol.swift */,
				0A7410DE2A6E57B1008260EE /* VTResponse.swift */,
				0A7410E22A6E5A2C008260EE /* VTResponseCode.swift */,
				0A7410DB2A6E55FF008260EE /* Base */,
			);
			path = Network;
			sourceTree = "<group>";
		};
		0A7410DB2A6E55FF008260EE /* Base */ = {
			isa = PBXGroup;
			children = (
				0A7410D72A6E5581008260EE /* VTURLSession.swift */,
				0A7410D52A6E5538008260EE /* VTNetworkLogger.swift */,
				0A7410D12A6E5363008260EE /* VTReachability.swift */,
				0A7410D92A6E55FB008260EE /* VTRequestInterceptor.swift */,
				0A7410DC2A6E564A008260EE /* VTCookieHandler.swift */,
			);
			path = Base;
			sourceTree = "<group>";
		};
		0AA8CF352A677F9A00A2F6F1 = {
			isa = PBXGroup;
			children = (
				0AA8CF402A677F9A00A2F6F1 /* Vault */,
				0AA8CF512A677F9E00A2F6F1 /* VaultTests */,
				0AA8CF5B2A677F9E00A2F6F1 /* VaultUITests */,
				0AA8CF3F2A677F9A00A2F6F1 /* Products */,
				0A2436F92A678D6900A1F442 /* Frameworks */,
			);
			sourceTree = "<group>";
		};
		0AA8CF3F2A677F9A00A2F6F1 /* Products */ = {
			isa = PBXGroup;
			children = (
				0AA8CF3E2A677F9A00A2F6F1 /* Vault.app */,
				0AA8CF4E2A677F9E00A2F6F1 /* VaultTests.xctest */,
				0AA8CF582A677F9E00A2F6F1 /* VaultUITests.xctest */,
			);
			name = Products;
			sourceTree = "<group>";
		};
		0AA8CF402A677F9A00A2F6F1 /* Vault */ = {
			isa = PBXGroup;
			children = (
				0A7410C42A6E20BA008260EE /* VTAPIError.swift */,
				0A7410D32A6E5418008260EE /* VTNetworkHelper.swift */,
				0A7410CA2A6E50FD008260EE /* Network */,
				0A7410BB2A6E19EF008260EE /* ImageLoader */,
				C94EB6392A697399005D67C7 /* Info.plist */,
				0AC856432A6932BB00C1A6B5 /* CombineExamples.swift */,
				0AA8CF412A677F9A00A2F6F1 /* VaultApp.swift */,
				0AA8CF432A677F9A00A2F6F1 /* ContentView.swift */,
				0A7410C62A6E48CF008260EE /* VTMovieDetail.swift */,
				0AC856472A6A11D600C1A6B5 /* VTMovieRow.swift */,
				0AC856492A6A123100C1A6B5 /* VTMovieIconImage.swift */,
				0AA8CF452A677F9E00A2F6F1 /* Assets.xcassets */,
				0AA8CF472A677F9E00A2F6F1 /* Preview Content */,
				0AC856452A6954D100C1A6B5 /* VTMovie.swift */,
				C92FE42F2A6ACF7300E3843C /* VTTools.swift */,
			);
			path = Vault;
			sourceTree = "<group>";
		};
		0AA8CF472A677F9E00A2F6F1 /* Preview Content */ = {
			isa = PBXGroup;
			children = (
				0AA8CF482A677F9E00A2F6F1 /* Preview Assets.xcassets */,
			);
			path = "Preview Content";
			sourceTree = "<group>";
		};
		0AA8CF512A677F9E00A2F6F1 /* VaultTests */ = {
			isa = PBXGroup;
			children = (
				0AA8CF522A677F9E00A2F6F1 /* VaultTests.swift */,
			);
			path = VaultTests;
			sourceTree = "<group>";
		};
		0AA8CF5B2A677F9E00A2F6F1 /* VaultUITests */ = {
			isa = PBXGroup;
			children = (
				0AA8CF5C2A677F9E00A2F6F1 /* VaultUITests.swift */,
				0AA8CF5E2A677F9E00A2F6F1 /* VaultUITestsLaunchTests.swift */,
			);
			path = VaultUITests;
			sourceTree = "<group>";
		};
/* End PBXGroup section */

/* Begin PBXNativeTarget section */
		0AA8CF3D2A677F9A00A2F6F1 /* Vault */ = {
			isa = PBXNativeTarget;
			buildConfigurationList = 0AA8CF622A677F9E00A2F6F1 /* Build configuration list for PBXNativeTarget "Vault" */;
			buildPhases = (
				0AA8CF3A2A677F9A00A2F6F1 /* Sources */,
				0AA8CF3B2A677F9A00A2F6F1 /* Frameworks */,
				0AA8CF3C2A677F9A00A2F6F1 /* Resources */,
				0A2437002A678D6B00A1F442 /* Embed Frameworks */,
			);
			buildRules = (
			);
			dependencies = (
			);
			name = Vault;
			productName = Vault;
			productReference = 0AA8CF3E2A677F9A00A2F6F1 /* Vault.app */;
			productType = "com.apple.product-type.application";
		};
		0AA8CF4D2A677F9E00A2F6F1 /* VaultTests */ = {
			isa = PBXNativeTarget;
			buildConfigurationList = 0AA8CF652A677F9E00A2F6F1 /* Build configuration list for PBXNativeTarget "VaultTests" */;
			buildPhases = (
				0AA8CF4A2A677F9E00A2F6F1 /* Sources */,
				0AA8CF4B2A677F9E00A2F6F1 /* Frameworks */,
				0AA8CF4C2A677F9E00A2F6F1 /* Resources */,
			);
			buildRules = (
			);
			dependencies = (
				0AA8CF502A677F9E00A2F6F1 /* PBXTargetDependency */,
			);
			name = VaultTests;
			productName = VaultTests;
			productReference = 0AA8CF4E2A677F9E00A2F6F1 /* VaultTests.xctest */;
			productType = "com.apple.product-type.bundle.unit-test";
		};
		0AA8CF572A677F9E00A2F6F1 /* VaultUITests */ = {
			isa = PBXNativeTarget;
			buildConfigurationList = 0AA8CF682A677F9E00A2F6F1 /* Build configuration list for PBXNativeTarget "VaultUITests" */;
			buildPhases = (
				0AA8CF542A677F9E00A2F6F1 /* Sources */,
				0AA8CF552A677F9E00A2F6F1 /* Frameworks */,
				0AA8CF562A677F9E00A2F6F1 /* Resources */,
			);
			buildRules = (
			);
			dependencies = (
				0AA8CF5A2A677F9E00A2F6F1 /* PBXTargetDependency */,
			);
			name = VaultUITests;
			productName = VaultUITests;
			productReference = 0AA8CF582A677F9E00A2F6F1 /* VaultUITests.xctest */;
			productType = "com.apple.product-type.bundle.ui-testing";
		};
/* End PBXNativeTarget section */

/* Begin PBXProject section */
		0AA8CF362A677F9A00A2F6F1 /* Project object */ = {
			isa = PBXProject;
			attributes = {
				BuildIndependentTargetsInParallel = 1;
				LastSwiftUpdateCheck = 1410;
				LastUpgradeCheck = 1410;
				TargetAttributes = {
					0AA8CF3D2A677F9A00A2F6F1 = {
						CreatedOnToolsVersion = 14.1;
					};
					0AA8CF4D2A677F9E00A2F6F1 = {
						CreatedOnToolsVersion = 14.1;
						TestTargetID = 0AA8CF3D2A677F9A00A2F6F1;
					};
					0AA8CF572A677F9E00A2F6F1 = {
						CreatedOnToolsVersion = 14.1;
						TestTargetID = 0AA8CF3D2A677F9A00A2F6F1;
					};
				};
			};
			buildConfigurationList = 0AA8CF392A677F9A00A2F6F1 /* Build configuration list for PBXProject "Vault" */;
			compatibilityVersion = "Xcode 14.0";
			developmentRegion = en;
			hasScannedForEncodings = 0;
			knownRegions = (
				en,
				Base,
			);
			mainGroup = 0AA8CF352A677F9A00A2F6F1;
			productRefGroup = 0AA8CF3F2A677F9A00A2F6F1 /* Products */;
			projectDirPath = "";
			projectRoot = "";
			targets = (
				0AA8CF3D2A677F9A00A2F6F1 /* Vault */,
				0AA8CF4D2A677F9E00A2F6F1 /* VaultTests */,
				0AA8CF572A677F9E00A2F6F1 /* VaultUITests */,
			);
		};
/* End PBXProject section */

/* Begin PBXResourcesBuildPhase section */
		0AA8CF3C2A677F9A00A2F6F1 /* Resources */ = {
			isa = PBXResourcesBuildPhase;
			buildActionMask = 2147483647;
			files = (
				0AA8CF492A677F9E00A2F6F1 /* Preview Assets.xcassets in Resources */,
				0AA8CF462A677F9E00A2F6F1 /* Assets.xcassets in Resources */,
			);
			runOnlyForDeploymentPostprocessing = 0;
		};
		0AA8CF4C2A677F9E00A2F6F1 /* Resources */ = {
			isa = PBXResourcesBuildPhase;
			buildActionMask = 2147483647;
			files = (
			);
			runOnlyForDeploymentPostprocessing = 0;
		};
		0AA8CF562A677F9E00A2F6F1 /* Resources */ = {
			isa = PBXResourcesBuildPhase;
			buildActionMask = 2147483647;
			files = (
			);
			runOnlyForDeploymentPostprocessing = 0;
		};
/* End PBXResourcesBuildPhase section */

/* Begin PBXSourcesBuildPhase section */
		0AA8CF3A2A677F9A00A2F6F1 /* Sources */ = {
			isa = PBXSourcesBuildPhase;
			buildActionMask = 2147483647;
			files = (
				0A7410C72A6E48CF008260EE /* VTMovieDetail.swift in Sources */,
				0A7410BD2A6E1A08008260EE /* VTAsyncImage.swift in Sources */,
				0AC856442A6932BB00C1A6B5 /* CombineExamples.swift in Sources */,
				C92FE4302A6ACF7300E3843C /* VTTools.swift in Sources */,
				0AA8CF442A677F9A00A2F6F1 /* ContentView.swift in Sources */,
				0AC8564A2A6A123100C1A6B5 /* VTMovieIconImage.swift in Sources */,
				0A7410C12A6E1A71008260EE /* EnvironmentValues+ImageCache.swift in Sources */,
				0A7410D02A6E52A7008260EE /* VTRouter.swift in Sources */,
				0A7410C32A6E1AED008260EE /* VTImageCache.swift in Sources */,
				0A7410E12A6E59B0008260EE /* VTResponseProtocol.swift in Sources */,
				0AC856482A6A11D600C1A6B5 /* VTMovieRow.swift in Sources */,
				0A7410E32A6E5A2C008260EE /* VTResponseCode.swift in Sources */,
				0A7410D82A6E5581008260EE /* VTURLSession.swift in Sources */,
				0A7410E52A6E5BAD008260EE /* VTAPIDataCache.swift in Sources */,
				0A7410D22A6E5363008260EE /* VTReachability.swift in Sources */,
				0AC856462A6954D100C1A6B5 /* VTMovie.swift in Sources */,
				0A7410C52A6E20BA008260EE /* VTAPIError.swift in Sources */,
				0A7410BF2A6E1A18008260EE /* VTImageLoader.swift in Sources */,
				0A7410DA2A6E55FB008260EE /* VTRequestInterceptor.swift in Sources */,
				0A7410DD2A6E564A008260EE /* VTCookieHandler.swift in Sources */,
				0AA8CF422A677F9A00A2F6F1 /* VaultApp.swift in Sources */,
				0A7410DF2A6E57B1008260EE /* VTResponse.swift in Sources */,
				0A7410CE2A6E528C008260EE /* VTAPI.swift in Sources */,
				0A7410D62A6E5538008260EE /* VTNetworkLogger.swift in Sources */,
				0A7410D42A6E5418008260EE /* VTNetworkHelper.swift in Sources */,
			);
			runOnlyForDeploymentPostprocessing = 0;
		};
		0AA8CF4A2A677F9E00A2F6F1 /* Sources */ = {
			isa = PBXSourcesBuildPhase;
			buildActionMask = 2147483647;
			files = (
				0AA8CF532A677F9E00A2F6F1 /* VaultTests.swift in Sources */,
			);
			runOnlyForDeploymentPostprocessing = 0;
		};
		0AA8CF542A677F9E00A2F6F1 /* Sources */ = {
			isa = PBXSourcesBuildPhase;
			buildActionMask = 2147483647;
			files = (
				0AA8CF5D2A677F9E00A2F6F1 /* VaultUITests.swift in Sources */,
				0AA8CF5F2A677F9E00A2F6F1 /* VaultUITestsLaunchTests.swift in Sources */,
			);
			runOnlyForDeploymentPostprocessing = 0;
		};
/* End PBXSourcesBuildPhase section */

/* Begin PBXTargetDependency section */
		0AA8CF502A677F9E00A2F6F1 /* PBXTargetDependency */ = {
			isa = PBXTargetDependency;
			target = 0AA8CF3D2A677F9A00A2F6F1 /* Vault */;
			targetProxy = 0AA8CF4F2A677F9E00A2F6F1 /* PBXContainerItemProxy */;
		};
		0AA8CF5A2A677F9E00A2F6F1 /* PBXTargetDependency */ = {
			isa = PBXTargetDependency;
			target = 0AA8CF3D2A677F9A00A2F6F1 /* Vault */;
			targetProxy = 0AA8CF592A677F9E00A2F6F1 /* PBXContainerItemProxy */;
		};
/* End PBXTargetDependency section */

/* Begin XCBuildConfiguration section */
		0AA8CF602A677F9E00A2F6F1 /* Debug */ = {
			isa = XCBuildConfiguration;
			buildSettings = {
				ALWAYS_SEARCH_USER_PATHS = NO;
				CLANG_ANALYZER_NONNULL = YES;
				CLANG_ANALYZER_NUMBER_OBJECT_CONVERSION = YES_AGGRESSIVE;
				CLANG_CXX_LANGUAGE_STANDARD = "gnu++20";
				CLANG_ENABLE_MODULES = YES;
				CLANG_ENABLE_OBJC_ARC = YES;
				CLANG_ENABLE_OBJC_WEAK = YES;
				CLANG_WARN_BLOCK_CAPTURE_AUTORELEASING = YES;
				CLANG_WARN_BOOL_CONVERSION = YES;
				CLANG_WARN_COMMA = YES;
				CLANG_WARN_CONSTANT_CONVERSION = YES;
				CLANG_WARN_DEPRECATED_OBJC_IMPLEMENTATIONS = YES;
				CLANG_WARN_DIRECT_OBJC_ISA_USAGE = YES_ERROR;
				CLANG_WARN_DOCUMENTATION_COMMENTS = YES;
				CLANG_WARN_EMPTY_BODY = YES;
				CLANG_WARN_ENUM_CONVERSION = YES;
				CLANG_WARN_INFINITE_RECURSION = YES;
				CLANG_WARN_INT_CONVERSION = YES;
				CLANG_WARN_NON_LITERAL_NULL_CONVERSION = YES;
				CLANG_WARN_OBJC_IMPLICIT_RETAIN_SELF = YES;
				CLANG_WARN_OBJC_LITERAL_CONVERSION = YES;
				CLANG_WARN_OBJC_ROOT_CLASS = YES_ERROR;
				CLANG_WARN_QUOTED_INCLUDE_IN_FRAMEWORK_HEADER = YES;
				CLANG_WARN_RANGE_LOOP_ANALYSIS = YES;
				CLANG_WARN_STRICT_PROTOTYPES = YES;
				CLANG_WARN_SUSPICIOUS_MOVE = YES;
				CLANG_WARN_UNGUARDED_AVAILABILITY = YES_AGGRESSIVE;
				CLANG_WARN_UNREACHABLE_CODE = YES;
				CLANG_WARN__DUPLICATE_METHOD_MATCH = YES;
				COPY_PHASE_STRIP = NO;
				DEBUG_INFORMATION_FORMAT = dwarf;
				ENABLE_STRICT_OBJC_MSGSEND = YES;
				ENABLE_TESTABILITY = YES;
				GCC_C_LANGUAGE_STANDARD = gnu11;
				GCC_DYNAMIC_NO_PIC = NO;
				GCC_NO_COMMON_BLOCKS = YES;
				GCC_OPTIMIZATION_LEVEL = 0;
				GCC_PREPROCESSOR_DEFINITIONS = (
					"DEBUG=1",
					"$(inherited)",
				);
				GCC_WARN_64_TO_32_BIT_CONVERSION = YES;
				GCC_WARN_ABOUT_RETURN_TYPE = YES_ERROR;
				GCC_WARN_UNDECLARED_SELECTOR = YES;
				GCC_WARN_UNINITIALIZED_AUTOS = YES_AGGRESSIVE;
				GCC_WARN_UNUSED_FUNCTION = YES;
				GCC_WARN_UNUSED_VARIABLE = YES;
				IPHONEOS_DEPLOYMENT_TARGET = 16.1;
				MTL_ENABLE_DEBUG_INFO = INCLUDE_SOURCE;
				MTL_FAST_MATH = YES;
				ONLY_ACTIVE_ARCH = YES;
				SDKROOT = iphoneos;
				SWIFT_ACTIVE_COMPILATION_CONDITIONS = DEBUG;
				SWIFT_OPTIMIZATION_LEVEL = "-Onone";
			};
			name = Debug;
		};
		0AA8CF612A677F9E00A2F6F1 /* Release */ = {
			isa = XCBuildConfiguration;
			buildSettings = {
				ALWAYS_SEARCH_USER_PATHS = NO;
				CLANG_ANALYZER_NONNULL = YES;
				CLANG_ANALYZER_NUMBER_OBJECT_CONVERSION = YES_AGGRESSIVE;
				CLANG_CXX_LANGUAGE_STANDARD = "gnu++20";
				CLANG_ENABLE_MODULES = YES;
				CLANG_ENABLE_OBJC_ARC = YES;
				CLANG_ENABLE_OBJC_WEAK = YES;
				CLANG_WARN_BLOCK_CAPTURE_AUTORELEASING = YES;
				CLANG_WARN_BOOL_CONVERSION = YES;
				CLANG_WARN_COMMA = YES;
				CLANG_WARN_CONSTANT_CONVERSION = YES;
				CLANG_WARN_DEPRECATED_OBJC_IMPLEMENTATIONS = YES;
				CLANG_WARN_DIRECT_OBJC_ISA_USAGE = YES_ERROR;
				CLANG_WARN_DOCUMENTATION_COMMENTS = YES;
				CLANG_WARN_EMPTY_BODY = YES;
				CLANG_WARN_ENUM_CONVERSION = YES;
				CLANG_WARN_INFINITE_RECURSION = YES;
				CLANG_WARN_INT_CONVERSION = YES;
				CLANG_WARN_NON_LITERAL_NULL_CONVERSION = YES;
				CLANG_WARN_OBJC_IMPLICIT_RETAIN_SELF = YES;
				CLANG_WARN_OBJC_LITERAL_CONVERSION = YES;
				CLANG_WARN_OBJC_ROOT_CLASS = YES_ERROR;
				CLANG_WARN_QUOTED_INCLUDE_IN_FRAMEWORK_HEADER = YES;
				CLANG_WARN_RANGE_LOOP_ANALYSIS = YES;
				CLANG_WARN_STRICT_PROTOTYPES = YES;
				CLANG_WARN_SUSPICIOUS_MOVE = YES;
				CLANG_WARN_UNGUARDED_AVAILABILITY = YES_AGGRESSIVE;
				CLANG_WARN_UNREACHABLE_CODE = YES;
				CLANG_WARN__DUPLICATE_METHOD_MATCH = YES;
				COPY_PHASE_STRIP = NO;
				DEBUG_INFORMATION_FORMAT = "dwarf-with-dsym";
				ENABLE_NS_ASSERTIONS = NO;
				ENABLE_STRICT_OBJC_MSGSEND = YES;
				GCC_C_LANGUAGE_STANDARD = gnu11;
				GCC_NO_COMMON_BLOCKS = YES;
				GCC_WARN_64_TO_32_BIT_CONVERSION = YES;
				GCC_WARN_ABOUT_RETURN_TYPE = YES_ERROR;
				GCC_WARN_UNDECLARED_SELECTOR = YES;
				GCC_WARN_UNINITIALIZED_AUTOS = YES_AGGRESSIVE;
				GCC_WARN_UNUSED_FUNCTION = YES;
				GCC_WARN_UNUSED_VARIABLE = YES;
				IPHONEOS_DEPLOYMENT_TARGET = 16.1;
				MTL_ENABLE_DEBUG_INFO = NO;
				MTL_FAST_MATH = YES;
				SDKROOT = iphoneos;
				SWIFT_COMPILATION_MODE = wholemodule;
				SWIFT_OPTIMIZATION_LEVEL = "-O";
				VALIDATE_PRODUCT = YES;
			};
			name = Release;
		};
		0AA8CF632A677F9E00A2F6F1 /* Debug */ = {
			isa = XCBuildConfiguration;
			buildSettings = {
				ASSETCATALOG_COMPILER_APPICON_NAME = AppIcon;
				ASSETCATALOG_COMPILER_GLOBAL_ACCENT_COLOR_NAME = AccentColor;
				CODE_SIGN_STYLE = Automatic;
				CURRENT_PROJECT_VERSION = 1.0.0;
				DEVELOPMENT_ASSET_PATHS = "\"Vault/Preview Content\"";
				DEVELOPMENT_TEAM = ZXPXG49X5L;
				ENABLE_PREVIEWS = YES;
				GENERATE_INFOPLIST_FILE = YES;
				INFOPLIST_FILE = Vault/Info.plist;
				INFOPLIST_KEY_UIApplicationSceneManifest_Generation = YES;
				INFOPLIST_KEY_UIApplicationSupportsIndirectInputEvents = YES;
				INFOPLIST_KEY_UILaunchScreen_Generation = YES;
				INFOPLIST_KEY_UISupportedInterfaceOrientations_iPad = "UIInterfaceOrientationPortrait UIInterfaceOrientationPortraitUpsideDown UIInterfaceOrientationLandscapeLeft UIInterfaceOrientationLandscapeRight";
				INFOPLIST_KEY_UISupportedInterfaceOrientations_iPhone = "UIInterfaceOrientationPortrait UIInterfaceOrientationLandscapeLeft UIInterfaceOrientationLandscapeRight";
				IPHONEOS_DEPLOYMENT_TARGET = 14.0;
				LD_RUNPATH_SEARCH_PATHS = (
					"$(inherited)",
					"@executable_path/Frameworks",
				);
				MARKETING_VERSION = 1.0;
				PRODUCT_BUNDLE_IDENTIFIER = com.growatt.hut.Vault;
				PRODUCT_NAME = "$(TARGET_NAME)";
				SWIFT_EMIT_LOC_STRINGS = YES;
				SWIFT_VERSION = 5.0;
				TARGETED_DEVICE_FAMILY = "1,2";
			};
			name = Debug;
		};
		0AA8CF642A677F9E00A2F6F1 /* Release */ = {
			isa = XCBuildConfiguration;
			buildSettings = {
				ASSETCATALOG_COMPILER_APPICON_NAME = AppIcon;
				ASSETCATALOG_COMPILER_GLOBAL_ACCENT_COLOR_NAME = AccentColor;
				CODE_SIGN_STYLE = Automatic;
				CURRENT_PROJECT_VERSION = 1.0.0;
				DEVELOPMENT_ASSET_PATHS = "\"Vault/Preview Content\"";
				DEVELOPMENT_TEAM = ZXPXG49X5L;
				ENABLE_PREVIEWS = YES;
				GENERATE_INFOPLIST_FILE = YES;
				INFOPLIST_FILE = Vault/Info.plist;
				INFOPLIST_KEY_UIApplicationSceneManifest_Generation = YES;
				INFOPLIST_KEY_UIApplicationSupportsIndirectInputEvents = YES;
				INFOPLIST_KEY_UILaunchScreen_Generation = YES;
				INFOPLIST_KEY_UISupportedInterfaceOrientations_iPad = "UIInterfaceOrientationPortrait UIInterfaceOrientationPortraitUpsideDown UIInterfaceOrientationLandscapeLeft UIInterfaceOrientationLandscapeRight";
				INFOPLIST_KEY_UISupportedInterfaceOrientations_iPhone = "UIInterfaceOrientationPortrait UIInterfaceOrientationLandscapeLeft UIInterfaceOrientationLandscapeRight";
				IPHONEOS_DEPLOYMENT_TARGET = 14.0;
				LD_RUNPATH_SEARCH_PATHS = (
					"$(inherited)",
					"@executable_path/Frameworks",
				);
				MARKETING_VERSION = 1.0;
				PRODUCT_BUNDLE_IDENTIFIER = com.growatt.hut.Vault;
				PRODUCT_NAME = "$(TARGET_NAME)";
				SWIFT_EMIT_LOC_STRINGS = YES;
				SWIFT_VERSION = 5.0;
				TARGETED_DEVICE_FAMILY = "1,2";
			};
			name = Release;
		};
		0AA8CF662A677F9E00A2F6F1 /* Debug */ = {
			isa = XCBuildConfiguration;
			buildSettings = {
				ALWAYS_EMBED_SWIFT_STANDARD_LIBRARIES = YES;
				BUNDLE_LOADER = "$(TEST_HOST)";
				CODE_SIGN_STYLE = Automatic;
				CURRENT_PROJECT_VERSION = 1;
				DEVELOPMENT_TEAM = ZXPXG49X5L;
				GENERATE_INFOPLIST_FILE = YES;
				IPHONEOS_DEPLOYMENT_TARGET = 16.1;
				MARKETING_VERSION = 1.0;
				PRODUCT_BUNDLE_IDENTIFIER = com.growatt.hut.test.VaultTests;
				PRODUCT_NAME = "$(TARGET_NAME)";
				SWIFT_EMIT_LOC_STRINGS = NO;
				SWIFT_VERSION = 5.0;
				TARGETED_DEVICE_FAMILY = "1,2";
				TEST_HOST = "$(BUILT_PRODUCTS_DIR)/Vault.app/$(BUNDLE_EXECUTABLE_FOLDER_PATH)/Vault";
			};
			name = Debug;
		};
		0AA8CF672A677F9E00A2F6F1 /* Release */ = {
			isa = XCBuildConfiguration;
			buildSettings = {
				ALWAYS_EMBED_SWIFT_STANDARD_LIBRARIES = YES;
				BUNDLE_LOADER = "$(TEST_HOST)";
				CODE_SIGN_STYLE = Automatic;
				CURRENT_PROJECT_VERSION = 1;
				DEVELOPMENT_TEAM = ZXPXG49X5L;
				GENERATE_INFOPLIST_FILE = YES;
				IPHONEOS_DEPLOYMENT_TARGET = 16.1;
				MARKETING_VERSION = 1.0;
				PRODUCT_BUNDLE_IDENTIFIER = com.growatt.hut.test.VaultTests;
				PRODUCT_NAME = "$(TARGET_NAME)";
				SWIFT_EMIT_LOC_STRINGS = NO;
				SWIFT_VERSION = 5.0;
				TARGETED_DEVICE_FAMILY = "1,2";
				TEST_HOST = "$(BUILT_PRODUCTS_DIR)/Vault.app/$(BUNDLE_EXECUTABLE_FOLDER_PATH)/Vault";
			};
			name = Release;
		};
		0AA8CF692A677F9E00A2F6F1 /* Debug */ = {
			isa = XCBuildConfiguration;
			buildSettings = {
				ALWAYS_EMBED_SWIFT_STANDARD_LIBRARIES = YES;
				CODE_SIGN_STYLE = Automatic;
				CURRENT_PROJECT_VERSION = 1;
				DEVELOPMENT_TEAM = ZXPXG49X5L;
				GENERATE_INFOPLIST_FILE = YES;
				MARKETING_VERSION = 1.0;
				PRODUCT_BUNDLE_IDENTIFIER = com.growatt.hut.test.VaultUITests;
				PRODUCT_NAME = "$(TARGET_NAME)";
				SWIFT_EMIT_LOC_STRINGS = NO;
				SWIFT_VERSION = 5.0;
				TARGETED_DEVICE_FAMILY = "1,2";
				TEST_TARGET_NAME = Vault;
			};
			name = Debug;
		};
		0AA8CF6A2A677F9E00A2F6F1 /* Release */ = {
			isa = XCBuildConfiguration;
			buildSettings = {
				ALWAYS_EMBED_SWIFT_STANDARD_LIBRARIES = YES;
				CODE_SIGN_STYLE = Automatic;
				CURRENT_PROJECT_VERSION = 1;
				DEVELOPMENT_TEAM = ZXPXG49X5L;
				GENERATE_INFOPLIST_FILE = YES;
				MARKETING_VERSION = 1.0;
				PRODUCT_BUNDLE_IDENTIFIER = com.growatt.hut.test.VaultUITests;
				PRODUCT_NAME = "$(TARGET_NAME)";
				SWIFT_EMIT_LOC_STRINGS = NO;
				SWIFT_VERSION = 5.0;
				TARGETED_DEVICE_FAMILY = "1,2";
				TEST_TARGET_NAME = Vault;
			};
			name = Release;
		};
/* End XCBuildConfiguration section */

/* Begin XCConfigurationList section */
		0AA8CF392A677F9A00A2F6F1 /* Build configuration list for PBXProject "Vault" */ = {
			isa = XCConfigurationList;
			buildConfigurations = (
				0AA8CF602A677F9E00A2F6F1 /* Debug */,
				0AA8CF612A677F9E00A2F6F1 /* Release */,
			);
			defaultConfigurationIsVisible = 0;
			defaultConfigurationName = Release;
		};
		0AA8CF622A677F9E00A2F6F1 /* Build configuration list for PBXNativeTarget "Vault" */ = {
			isa = XCConfigurationList;
			buildConfigurations = (
				0AA8CF632A677F9E00A2F6F1 /* Debug */,
				0AA8CF642A677F9E00A2F6F1 /* Release */,
			);
			defaultConfigurationIsVisible = 0;
			defaultConfigurationName = Release;
		};
		0AA8CF652A677F9E00A2F6F1 /* Build configuration list for PBXNativeTarget "VaultTests" */ = {
			isa = XCConfigurationList;
			buildConfigurations = (
				0AA8CF662A677F9E00A2F6F1 /* Debug */,
				0AA8CF672A677F9E00A2F6F1 /* Release */,
			);
			defaultConfigurationIsVisible = 0;
			defaultConfigurationName = Release;
		};
		0AA8CF682A677F9E00A2F6F1 /* Build configuration list for PBXNativeTarget "VaultUITests" */ = {
			isa = XCConfigurationList;
			buildConfigurations = (
				0AA8CF692A677F9E00A2F6F1 /* Debug */,
				0AA8CF6A2A677F9E00A2F6F1 /* Release */,
			);
			defaultConfigurationIsVisible = 0;
			defaultConfigurationName = Release;
		};
/* End XCConfigurationList section */
	};
	rootObject = 0AA8CF362A677F9A00A2F6F1 /* Project object */;
}
